
Microsoft Visual Studio Solution File, Format Version 12.00
# Visual Studio Version 17
VisualStudioVersion = 17.8.34309.116
MinimumVisualStudioVersion = 10.0.40219.1
Project("{9A19103F-16F7-4668-BE54-9A1E7A4F7556}") = "Rugal.Gulp-Initer", "Rugal.Gulp-Initer\Rugal.Gulp-Initer.csproj", "{D1730AD0-AEB8-4B40-A22E-F5D567D7AA27}"
EndProject
Project("{2150E333-8FDC-42A3-9474-1A3956D46DE8}") = "方案項目", "方案項目", "{EE59AFB5-3377-4841-B1BD-C1287D8D3D65}"
	ProjectSection(SolutionItems) = preProject
		Rugal.Gulp-Initer\wwwroot\Gulp-Initer\README.md = Rugal.Gulp-Initer\wwwroot\Gulp-Initer\README.md
	EndProjectSection
EndProject
Global
	GlobalSection(SolutionConfigurationPlatforms) = preSolution
		Debug|Any CPU = Debug|Any CPU
		Release|Any CPU = Release|Any CPU
	EndGlobalSection
	GlobalSection(ProjectConfigurationPlatforms) = postSolution
		{D1730AD0-AEB8-4B40-A22E-F5D567D7AA27}.Debug|Any CPU.ActiveCfg = Debug|Any CPU
		{D1730AD0-AEB8-4B40-A22E-F5D567D7AA27}.Debug|Any CPU.Build.0 = Debug|Any CPU
		{D1730AD0-AEB8-4B40-A22E-F5D567D7AA27}.Release|Any CPU.ActiveCfg = Release|Any CPU
		{D1730AD0-AEB8-4B40-A22E-F5D567D7AA27}.Release|Any CPU.Build.0 = Release|Any CPU
	EndGlobalSection
	GlobalSection(SolutionProperties) = preSolution
		HideSolutionNode = FALSE
	EndGlobalSection
	GlobalSection(ExtensibilityGlobals) = postSolution
		SolutionGuid = {96899402-6159-4393-A63F-47F9FEB562FD}
	EndGlobalSection
EndGlobal
